
Microsoft Visual Studio Solution File, Format Version 12.00
Project("{FAE04EC0-301F-11D3-BF4B-00C04F79EFBC}") = "RunNearMe", "RunNearMe\RunNearMe.csproj", "{3B3731FC-746C-4E40-B4D4-DB075C9068EC}"
EndProject
Project("{2150E333-8FDC-42A3-9474-1A3956D46DE8}") = "Api", "Api", "{C3005B9C-B165-41B3-A1A8-937069B07649}"
EndProject
Project("{2150E333-8FDC-42A3-9474-1A3956D46DE8}") = "Core", "Core", "{EB5687D5-2949-4242-96A9-3E2E830DADF2}"
EndProject
Project("{2150E333-8FDC-42A3-9474-1A3956D46DE8}") = "Infrastructure", "Infrastructure", "{A7CAE941-D7AE-4949-A7BF-F3AFE27BCDBB}"
EndProject
Project("{FAE04EC0-301F-11D3-BF4B-00C04F79EFBC}") = "Application", "Application\Application.csproj", "{AD95A595-766F-49C4-B2FA-E75E099C12A7}"
EndProject
Project("{FAE04EC0-301F-11D3-BF4B-00C04F79EFBC}") = "Domain", "Domain\Domain.csproj", "{D920E66D-CA47-4160-A2CD-F44641653C68}"
EndProject
Project("{FAE04EC0-301F-11D3-BF4B-00C04F79EFBC}") = "Repository", "Repository\Repository.csproj", "{71FA89E8-3CAF-4822-91F0-2FB16D3F7E20}"
EndProject
Global
	GlobalSection(SolutionConfigurationPlatforms) = preSolution
		Debug|Any CPU = Debug|Any CPU
		Release|Any CPU = Release|Any CPU
	EndGlobalSection
	GlobalSection(ProjectConfigurationPlatforms) = postSolution
		{3B3731FC-746C-4E40-B4D4-DB075C9068EC}.Debug|Any CPU.ActiveCfg = Debug|Any CPU
		{3B3731FC-746C-4E40-B4D4-DB075C9068EC}.Debug|Any CPU.Build.0 = Debug|Any CPU
		{3B3731FC-746C-4E40-B4D4-DB075C9068EC}.Release|Any CPU.ActiveCfg = Release|Any CPU
		{3B3731FC-746C-4E40-B4D4-DB075C9068EC}.Release|Any CPU.Build.0 = Release|Any CPU
		{AD95A595-766F-49C4-B2FA-E75E099C12A7}.Debug|Any CPU.ActiveCfg = Debug|Any CPU
		{AD95A595-766F-49C4-B2FA-E75E099C12A7}.Debug|Any CPU.Build.0 = Debug|Any CPU
		{AD95A595-766F-49C4-B2FA-E75E099C12A7}.Release|Any CPU.ActiveCfg = Release|Any CPU
		{AD95A595-766F-49C4-B2FA-E75E099C12A7}.Release|Any CPU.Build.0 = Release|Any CPU
		{D920E66D-CA47-4160-A2CD-F44641653C68}.Debug|Any CPU.ActiveCfg = Debug|Any CPU
		{D920E66D-CA47-4160-A2CD-F44641653C68}.Debug|Any CPU.Build.0 = Debug|Any CPU
		{D920E66D-CA47-4160-A2CD-F44641653C68}.Release|Any CPU.ActiveCfg = Release|Any CPU
		{D920E66D-CA47-4160-A2CD-F44641653C68}.Release|Any CPU.Build.0 = Release|Any CPU
		{71FA89E8-3CAF-4822-91F0-2FB16D3F7E20}.Debug|Any CPU.ActiveCfg = Debug|Any CPU
		{71FA89E8-3CAF-4822-91F0-2FB16D3F7E20}.Debug|Any CPU.Build.0 = Debug|Any CPU
		{71FA89E8-3CAF-4822-91F0-2FB16D3F7E20}.Release|Any CPU.ActiveCfg = Release|Any CPU
		{71FA89E8-3CAF-4822-91F0-2FB16D3F7E20}.Release|Any CPU.Build.0 = Release|Any CPU
	EndGlobalSection
	GlobalSection(NestedProjects) = preSolution
		{3B3731FC-746C-4E40-B4D4-DB075C9068EC} = {C3005B9C-B165-41B3-A1A8-937069B07649}
		{AD95A595-766F-49C4-B2FA-E75E099C12A7} = {EB5687D5-2949-4242-96A9-3E2E830DADF2}
		{D920E66D-CA47-4160-A2CD-F44641653C68} = {EB5687D5-2949-4242-96A9-3E2E830DADF2}
		{71FA89E8-3CAF-4822-91F0-2FB16D3F7E20} = {A7CAE941-D7AE-4949-A7BF-F3AFE27BCDBB}
	EndGlobalSection
EndGlobal
